
Microsoft Visual Studio Solution File, Format Version 12.00
# Visual Studio Version 16
VisualStudioVersion = 16.0.31129.286
MinimumVisualStudioVersion = 10.0.40219.1
Project("{9A19103F-16F7-4668-BE54-9A1E7A4F7556}") = "CRUDUsingMVC", "CRUDUsingMVC\CRUDUsingMVC.csproj", "{B4BBCE5D-479B-41D8-8790-C4110FAB09B5}"
EndProject
Project("{9A19103F-16F7-4668-BE54-9A1E7A4F7556}") = "PassingDataToView", "PassingDataToView\PassingDataToView.csproj", "{AC85BC67-1089-4CA8-9D06-C7321848B0B3}"
EndProject
Project("{9A19103F-16F7-4668-BE54-9A1E7A4F7556}") = "BusinessFormTask", "BusinessFormTask\BusinessFormTask.csproj", "{58B1BB4E-3D56-40EC-83A8-55F156B49953}"
EndProject
Project("{2150E333-8FDC-42A3-9474-1A3956D46DE8}") = "Solution Items", "Solution Items", "{1EB73062-E2C2-4284-B872-F4613E273B65}"
	ProjectSection(SolutionItems) = preProject
		.editorconfig = .editorconfig
	EndProjectSection
EndProject
Project("{9A19103F-16F7-4668-BE54-9A1E7A4F7556}") = "ViewsDataTransfor", "ViewsDataTransfor\ViewsDataTransfor.csproj", "{5DACDA2A-0DB5-4193-A8D6-C6539CCCAA6B}"
EndProject
Project("{9A19103F-16F7-4668-BE54-9A1E7A4F7556}") = "DependencyInjection", "DependencyInjection\DependencyInjection.csproj", "{10179DFB-9737-4B5E-AE81-298AAFB59B75}"
EndProject
Project("{9A19103F-16F7-4668-BE54-9A1E7A4F7556}") = "UnitTest", "UnitTest\UnitTest.csproj", "{86211261-D010-4CD2-A6B5-FF59A2AC1B9B}"
EndProject
Project("{9A19103F-16F7-4668-BE54-9A1E7A4F7556}") = "StateManagement", "StateManagement\StateManagement.csproj", "{6E5BDE6F-F4FE-4E3D-8A29-1C6A0FEE52FC}"
EndProject
Project("{9A19103F-16F7-4668-BE54-9A1E7A4F7556}") = "ActionResults", "ActionResults\ActionResults.csproj", "{6EB66F12-7A22-4559-B033-9F99119AD311}"
EndProject
Project("{9A19103F-16F7-4668-BE54-9A1E7A4F7556}") = "RazorSyntaxRefence", "RazorSyntaxRefence\RazorSyntaxRefence.csproj", "{6A7B0FAD-520F-4288-9933-2837E80D285C}"
EndProject
Project("{9A19103F-16F7-4668-BE54-9A1E7A4F7556}") = "RazorClassLibraryProgram", "RazorClassLibraryProgram\RazorClassLibraryProgram.csproj", "{CD67499C-886D-4445-ABD8-A93513192AE2}"
EndProject
Project("{9A19103F-16F7-4668-BE54-9A1E7A4F7556}") = "TagHelpers", "TagHelpers\TagHelpers.csproj", "{8CAD0DE7-3314-4160-A140-29697677CAA7}"
EndProject
Project("{FAE04EC0-301F-11D3-BF4B-00C04F79EFBC}") = "HtmlHelpers", "HtmlHelpers\HtmlHelpers.csproj", "{A4E9B1D6-DFF6-4156-9403-8EB607F03CEA}"
EndProject
Global
	GlobalSection(SolutionConfigurationPlatforms) = preSolution
		Debug|Any CPU = Debug|Any CPU
		Release|Any CPU = Release|Any CPU
	EndGlobalSection
	GlobalSection(ProjectConfigurationPlatforms) = postSolution
		{B4BBCE5D-479B-41D8-8790-C4110FAB09B5}.Debug|Any CPU.ActiveCfg = Debug|Any CPU
		{B4BBCE5D-479B-41D8-8790-C4110FAB09B5}.Debug|Any CPU.Build.0 = Debug|Any CPU
		{B4BBCE5D-479B-41D8-8790-C4110FAB09B5}.Release|Any CPU.ActiveCfg = Release|Any CPU
		{B4BBCE5D-479B-41D8-8790-C4110FAB09B5}.Release|Any CPU.Build.0 = Release|Any CPU
		{AC85BC67-1089-4CA8-9D06-C7321848B0B3}.Debug|Any CPU.ActiveCfg = Debug|Any CPU
		{AC85BC67-1089-4CA8-9D06-C7321848B0B3}.Debug|Any CPU.Build.0 = Debug|Any CPU
		{AC85BC67-1089-4CA8-9D06-C7321848B0B3}.Release|Any CPU.ActiveCfg = Release|Any CPU
		{AC85BC67-1089-4CA8-9D06-C7321848B0B3}.Release|Any CPU.Build.0 = Release|Any CPU
		{58B1BB4E-3D56-40EC-83A8-55F156B49953}.Debug|Any CPU.ActiveCfg = Debug|Any CPU
		{58B1BB4E-3D56-40EC-83A8-55F156B49953}.Debug|Any CPU.Build.0 = Debug|Any CPU
		{58B1BB4E-3D56-40EC-83A8-55F156B49953}.Release|Any CPU.ActiveCfg = Release|Any CPU
		{58B1BB4E-3D56-40EC-83A8-55F156B49953}.Release|Any CPU.Build.0 = Release|Any CPU
		{5DACDA2A-0DB5-4193-A8D6-C6539CCCAA6B}.Debug|Any CPU.ActiveCfg = Debug|Any CPU
		{5DACDA2A-0DB5-4193-A8D6-C6539CCCAA6B}.Debug|Any CPU.Build.0 = Debug|Any CPU
		{5DACDA2A-0DB5-4193-A8D6-C6539CCCAA6B}.Release|Any CPU.ActiveCfg = Release|Any CPU
		{5DACDA2A-0DB5-4193-A8D6-C6539CCCAA6B}.Release|Any CPU.Build.0 = Release|Any CPU
		{10179DFB-9737-4B5E-AE81-298AAFB59B75}.Debug|Any CPU.ActiveCfg = Debug|Any CPU
		{10179DFB-9737-4B5E-AE81-298AAFB59B75}.Debug|Any CPU.Build.0 = Debug|Any CPU
		{10179DFB-9737-4B5E-AE81-298AAFB59B75}.Release|Any CPU.ActiveCfg = Release|Any CPU
		{10179DFB-9737-4B5E-AE81-298AAFB59B75}.Release|Any CPU.Build.0 = Release|Any CPU
		{86211261-D010-4CD2-A6B5-FF59A2AC1B9B}.Debug|Any CPU.ActiveCfg = Debug|Any CPU
		{86211261-D010-4CD2-A6B5-FF59A2AC1B9B}.Debug|Any CPU.Build.0 = Debug|Any CPU
		{86211261-D010-4CD2-A6B5-FF59A2AC1B9B}.Release|Any CPU.ActiveCfg = Release|Any CPU
		{86211261-D010-4CD2-A6B5-FF59A2AC1B9B}.Release|Any CPU.Build.0 = Release|Any CPU
		{6E5BDE6F-F4FE-4E3D-8A29-1C6A0FEE52FC}.Debug|Any CPU.ActiveCfg = Debug|Any CPU
		{6E5BDE6F-F4FE-4E3D-8A29-1C6A0FEE52FC}.Debug|Any CPU.Build.0 = Debug|Any CPU
		{6E5BDE6F-F4FE-4E3D-8A29-1C6A0FEE52FC}.Release|Any CPU.ActiveCfg = Release|Any CPU
		{6E5BDE6F-F4FE-4E3D-8A29-1C6A0FEE52FC}.Release|Any CPU.Build.0 = Release|Any CPU
		{6EB66F12-7A22-4559-B033-9F99119AD311}.Debug|Any CPU.ActiveCfg = Debug|Any CPU
		{6EB66F12-7A22-4559-B033-9F99119AD311}.Debug|Any CPU.Build.0 = Debug|Any CPU
		{6EB66F12-7A22-4559-B033-9F99119AD311}.Release|Any CPU.ActiveCfg = Release|Any CPU
		{6EB66F12-7A22-4559-B033-9F99119AD311}.Release|Any CPU.Build.0 = Release|Any CPU
		{6A7B0FAD-520F-4288-9933-2837E80D285C}.Debug|Any CPU.ActiveCfg = Debug|Any CPU
		{6A7B0FAD-520F-4288-9933-2837E80D285C}.Debug|Any CPU.Build.0 = Debug|Any CPU
		{6A7B0FAD-520F-4288-9933-2837E80D285C}.Release|Any CPU.ActiveCfg = Release|Any CPU
		{6A7B0FAD-520F-4288-9933-2837E80D285C}.Release|Any CPU.Build.0 = Release|Any CPU
		{CD67499C-886D-4445-ABD8-A93513192AE2}.Debug|Any CPU.ActiveCfg = Debug|Any CPU
		{CD67499C-886D-4445-ABD8-A93513192AE2}.Debug|Any CPU.Build.0 = Debug|Any CPU
		{CD67499C-886D-4445-ABD8-A93513192AE2}.Release|Any CPU.ActiveCfg = Release|Any CPU
		{CD67499C-886D-4445-ABD8-A93513192AE2}.Release|Any CPU.Build.0 = Release|Any CPU
		{8CAD0DE7-3314-4160-A140-29697677CAA7}.Debug|Any CPU.ActiveCfg = Debug|Any CPU
		{8CAD0DE7-3314-4160-A140-29697677CAA7}.Debug|Any CPU.Build.0 = Debug|Any CPU
		{8CAD0DE7-3314-4160-A140-29697677CAA7}.Release|Any CPU.ActiveCfg = Release|Any CPU
		{8CAD0DE7-3314-4160-A140-29697677CAA7}.Release|Any CPU.Build.0 = Release|Any CPU
		{A4E9B1D6-DFF6-4156-9403-8EB607F03CEA}.Debug|Any CPU.ActiveCfg = Debug|Any CPU
		{A4E9B1D6-DFF6-4156-9403-8EB607F03CEA}.Debug|Any CPU.Build.0 = Debug|Any CPU
		{A4E9B1D6-DFF6-4156-9403-8EB607F03CEA}.Release|Any CPU.ActiveCfg = Release|Any CPU
		{A4E9B1D6-DFF6-4156-9403-8EB607F03CEA}.Release|Any CPU.Build.0 = Release|Any CPU
	EndGlobalSection
	GlobalSection(SolutionProperties) = preSolution
		HideSolutionNode = FALSE
	EndGlobalSection
	GlobalSection(ExtensibilityGlobals) = postSolution
		SolutionGuid = {185C97A6-8BF9-4C8A-A1CA-A5103A563768}
	EndGlobalSection
EndGlobal
